
Microsoft Visual Studio Solution File, Format Version 12.00
# Visual Studio 15
VisualStudioVersion = 15.0.28010.2048
MinimumVisualStudioVersion = 10.0.40219.1
Project("{888888A0-9F3D-457C-B088-3A5042F75D52}") = "BirdSongGame", "BirdSongGame\BirdSongGame.pyproj", "{C1142E66-1F08-4FD7-A916-FC7C045BE2E3}"
EndProject
Global
	GlobalSection(SolutionConfigurationPlatforms) = preSolution
		Debug|Any CPU = Debug|Any CPU
		Release|Any CPU = Release|Any CPU
	EndGlobalSection
	GlobalSection(ProjectConfigurationPlatforms) = postSolution
		{C1142E66-1F08-4FD7-A916-FC7C045BE2E3}.Debug|Any CPU.ActiveCfg = Debug|Any CPU
		{C1142E66-1F08-4FD7-A916-FC7C045BE2E3}.Release|Any CPU.ActiveCfg = Release|Any CPU
	EndGlobalSection
	GlobalSection(SolutionProperties) = preSolution
		HideSolutionNode = FALSE
	EndGlobalSection
	GlobalSection(ExtensibilityGlobals) = postSolution
		SolutionGuid = {008B5C2B-F3D1-4653-ACE7-24A930AAC5A0}
	EndGlobalSection
EndGlobal
